{
  "name": "langnode",
  "version": "1.0.0",
  "lockfileVersion": 1,
  "requires": true,
  "dependencies": {
    "debug": {
      "version": "3.2.6",
      "resolved": "https://registry.npmjs.org/debug/-/debug-3.2.6.tgz",
      "integrity": "sha512-mel+jf7nrtEl5Pn1Qx46zARXKDpBbvzezse7p7LqINmdoIk8PYP5SySaxEmYv6TZ0JyEKA1hsCId6DIhgITtWQ==",
      "requires": {
        "ms": "^2.1.1"
      }
    },
    "easytype": {
      "version": "1.0.1",
      "resolved": "https://registry.npmjs.org/easytype/-/easytype-1.0.1.tgz",
      "integrity": "sha512-K4aepK14KuesNtaBgsh+QulXEZ+YF0K5DPIHB9rIchlo6EFvThD0VXfkEygOjfnRqIYmhY7JaBbFxkZBuR0QNg=="
    },
    "hard-prop": {
      "version": "1.0.1",
      "resolved": "https://registry.npmjs.org/hard-prop/-/hard-prop-1.0.1.tgz",
      "integrity": "sha512-zP2FBov+blblRDGSoe6Sx0U2cfDZBkONkQKFvr7s/S0foSPaciw2BZm+VZ5UhntnpflX7isQ5qHmbDl6A8DpPQ=="
    },
    "iconv-lite": {
      "version": "0.4.24",
      "resolved": "https://registry.npmjs.org/iconv-lite/-/iconv-lite-0.4.24.tgz",
      "integrity": "sha512-v3MXnZAcvnywkTUEZomIActle7RXXeedOR31wwl7VlyoXO4Qi9arvSenNQWne1TcRwhCL1HwLI21bEqdpj8/rA==",
      "requires": {
        "safer-buffer": ">= 2.1.2 < 3"
      }
    },
    "moment": {
      "version": "2.24.0",
      "resolved": "https://registry.npmjs.org/moment/-/moment-2.24.0.tgz",
      "integrity": "sha512-bV7f+6l2QigeBBZSM/6yTNq4P2fNpSWj/0e7jQcy87A8e7o2nAfP/34/2ky5Vw4B9S446EtIhodAzkFCcR4dQg=="
    },
    "ms": {
      "version": "2.1.2",
      "resolved": "https://registry.npmjs.org/ms/-/ms-2.1.2.tgz",
      "integrity": "sha512-sGkPx+VjMtmA6MX27oA4FBFELFCZZ4S4XqeGOXCv68tT+jb3vk/RyaKWP0PTKyWtmLSM0b+adUTEvbs1PEaH2w=="
    },
    "needle": {
      "version": "2.4.0",
      "resolved": "https://registry.npmjs.org/needle/-/needle-2.4.0.tgz",
      "integrity": "sha512-4Hnwzr3mi5L97hMYeNl8wRW/Onhy4nUKR/lVemJ8gJedxxUyBLm9kkrDColJvoSfwi0jCNhD+xCdOtiGDQiRZg==",
      "requires": {
        "debug": "^3.2.6",
        "iconv-lite": "^0.4.4",
        "sax": "^1.2.4"
      }
    },
    "nodemailer": {
      "version": "6.3.0",
      "resolved": "https://registry.npmjs.org/nodemailer/-/nodemailer-6.3.0.tgz",
      "integrity": "sha512-TEHBNBPHv7Ie/0o3HXnb7xrPSSQmH1dXwQKRaMKDBGt/ZN54lvDVujP6hKkO/vjkIYL9rK8kHSG11+G42Nhxuw=="
    },
    "safer-buffer": {
      "version": "2.1.2",
      "resolved": "https://registry.npmjs.org/safer-buffer/-/safer-buffer-2.1.2.tgz",
      "integrity": "sha512-YZo3K82SD7Riyi0E1EQPojLz7kpepnSQI9IyPbHHg1XXXevb5dJI7tpyN2ADxGcQbHG7vcyRHk0cbwqcQriUtg=="
    },
    "sax": {
      "version": "1.2.4",
      "resolved": "https://registry.npmjs.org/sax/-/sax-1.2.4.tgz",
      "integrity": "sha512-NqVDv9TpANUjFm0N8uM5GxL36UgKi9/atZw+x7YFnQ8ckwFGKrl4xX4yWtrey3UJm5nP1kUbnYgLopqWNSRhWw=="
    },
    "tress": {
      "version": "1.1.4",
      "resolved": "https://registry.npmjs.org/tress/-/tress-1.1.4.tgz",
      "integrity": "sha512-qoftAURsFYUoTcXDBsd1u27qosKdAPXRifk1RG9orvdOgDFGGzq8msgcBCb4VtHU2I50FXuWRm2KRsKkJ6Ug3w==",
      "requires": {
        "easytype": "^1.0.1",
        "hard-prop": "^1.0.1"
      }
    }
  }
}
